// !$*UTF8*$!
{
	archiveVersion = 1;
	classes = {
	};
	objectVersion = 46;
	objects = {

/* Begin PBXBuildFile section */
		026DC8911C0F4F5900CF1160 /* f8.jpg in Resources */ = {isa = PBXBuildFile; fileRef = 026DC8901C0F4F5800CF1160 /* f8.jpg */; };
		02BA16E31C0F5A3100D90A49 /* TreePageViewController.swift in Sources */ = {isa = PBXBuildFile; fileRef = 02BA16E21C0F5A3100D90A49 /* TreePageViewController.swift */; };
		02E476231C0F37C5003708F3 /* AppDelegate.swift in Sources */ = {isa = PBXBuildFile; fileRef = 02E476221C0F37C5003708F3 /* AppDelegate.swift */; };
		02E476251C0F37C5003708F3 /* ViewController.swift in Sources */ = {isa = PBXBuildFile; fileRef = 02E476241C0F37C5003708F3 /* ViewController.swift */; };
		02E476281C0F37C5003708F3 /* Main.storyboard in Resources */ = {isa = PBXBuildFile; fileRef = 02E476261C0F37C5003708F3 /* Main.storyboard */; };
		02E4762A1C0F37C5003708F3 /* Assets.xcassets in Resources */ = {isa = PBXBuildFile; fileRef = 02E476291C0F37C5003708F3 /* Assets.xcassets */; };
		02E4762D1C0F37C5003708F3 /* LaunchScreen.storyboard in Resources */ = {isa = PBXBuildFile; fileRef = 02E4762B1C0F37C5003708F3 /* LaunchScreen.storyboard */; };
/* End PBXBuildFile section */

/* Begin PBXFileReference section */
		026DC8901C0F4F5800CF1160 /* f8.jpg */ = {isa = PBXFileReference; lastKnownFileType = image.jpeg; path = f8.jpg; sourceTree = "<group>"; };
		02BA16E21C0F5A3100D90A49 /* TreePageViewController.swift */ = {isa = PBXFileReference; fileEncoding = 4; lastKnownFileType = sourcecode.swift; path = TreePageViewController.swift; sourceTree = "<group>"; };
		02E4761F1C0F37C5003708F3 /* Josephus circle.app */ = {isa = PBXFileReference; explicitFileType = wrapper.application; includeInIndex = 0; path = "Josephus circle.app"; sourceTree = BUILT_PRODUCTS_DIR; };
		02E476221C0F37C5003708F3 /* AppDelegate.swift */ = {isa = PBXFileReference; lastKnownFileType = sourcecode.swift; path = AppDelegate.swift; sourceTree = "<group>"; };
		02E476241C0F37C5003708F3 /* ViewController.swift */ = {isa = PBXFileReference; lastKnownFileType = sourcecode.swift; path = ViewController.swift; sourceTree = "<group>"; };
		02E476271C0F37C5003708F3 /* Base */ = {isa = PBXFileReference; lastKnownFileType = file.storyboard; name = Base; path = Base.lproj/Main.storyboard; sourceTree = "<group>"; };
		02E476291C0F37C5003708F3 /* Assets.xcassets */ = {isa = PBXFileReference; lastKnownFileType = folder.assetcatalog; path = Assets.xcassets; sourceTree = "<group>"; };
		02E4762C1C0F37C5003708F3 /* Base */ = {isa = PBXFileReference; lastKnownFileType = file.storyboard; name = Base; path = Base.lproj/LaunchScreen.storyboard; sourceTree = "<group>"; };
		02E4762E1C0F37C5003708F3 /* Info.plist */ = {isa = PBXFileReference; lastKnownFileType = text.plist.xml; path = Info.plist; sourceTree = "<group>"; };
/* End PBXFileReference section */

/* Begin PBXFrameworksBuildPhase section */
		02E4761C1C0F37C5003708F3 /* Frameworks */ = {
			isa = PBXFrameworksBuildPhase;
			buildActionMask = 2147483647;
			files = (
			);
			runOnlyForDeploymentPostprocessing = 0;
		};
/* End PBXFrameworksBuildPhase section */

/* Begin PBXGroup section */
		02E476161C0F37C5003708F3 = {
			isa = PBXGroup;
			children = (
				02E476211C0F37C5003708F3 /* Josephus circle */,
				02E476201C0F37C5003708F3 /* Products */,
			);
			sourceTree = "<group>";
		};
		02E476201C0F37C5003708F3 /* Products */ = {
			isa = PBXGroup;
			children = (
				02E4761F1C0F37C5003708F3 /* Josephus circle.app */,
			);
			name = Products;
			sourceTree = "<group>";
		};
		02E476211C0F37C5003708F3 /* Josephus circle */ = {
			isa = PBXGroup;
			children = (
				02E476221C0F37C5003708F3 /* AppDelegate.swift */,
				02E476241C0F37C5003708F3 /* ViewController.swift */,
				02E476261C0F37C5003708F3 /* Main.storyboard */,
				02BA16E21C0F5A3100D90A49 /* TreePageViewController.swift */,
				02E476291C0F37C5003708F3 /* Assets.xcassets */,
				02E4762B1C0F37C5003708F3 /* LaunchScreen.storyboard */,
				02E4762E1C0F37C5003708F3 /* Info.plist */,
				026DC8901C0F4F5800CF1160 /* f8.jpg */,
			);
			path = "Josephus circle";
			sourceTree = "<group>";
		};
/* End PBXGroup section */

/* Begin PBXNativeTarget section */
		02E4761E1C0F37C5003708F3 /* Josephus circle */ = {
			isa = PBXNativeTarget;
			buildConfigurationList = 02E476311C0F37C5003708F3 /* Build configuration list for PBXNativeTarget "Josephus circle" */;
			buildPhases = (
				02E4761B1C0F37C5003708F3 /* Sources */,
				02E4761C1C0F37C5003708F3 /* Frameworks */,
				02E4761D1C0F37C5003708F3 /* Resources */,
			);
			buildRules = (
			);
			dependencies = (
			);
			name = "Josephus circle";
			productName = "Josephus circle";
			productReference = 02E4761F1C0F37C5003708F3 /* Josephus circle.app */;
			productType = "com.apple.product-type.application";
		};
/* End PBXNativeTarget section */

/* Begin PBXProject section */
		02E476171C0F37C5003708F3 /* Project object */ = {
			isa = PBXProject;
			attributes = {
				LastSwiftUpdateCheck = 0710;
				LastUpgradeCheck = 0710;
				ORGANIZATIONNAME = ICU;
				TargetAttributes = {
					02E4761E1C0F37C5003708F3 = {
						CreatedOnToolsVersion = 7.1.1;
						DevelopmentTeam = 847JB35526;
					};
				};
			};
			buildConfigurationList = 02E4761A1C0F37C5003708F3 /* Build configuration list for PBXProject "Josephus circle" */;
			compatibilityVersion = "Xcode 3.2";
			developmentRegion = English;
			hasScannedForEncodings = 0;
			knownRegions = (
				en,
				Base,
			);
			mainGroup = 02E476161C0F37C5003708F3;
			productRefGroup = 02E476201C0F37C5003708F3 /* Products */;
			projectDirPath = "";
			projectRoot = "";
			targets = (
				02E4761E1C0F37C5003708F3 /* Josephus circle */,
			);
		};
/* End PBXProject section */

/* Begin PBXResourcesBuildPhase section */
		02E4761D1C0F37C5003708F3 /* Resources */ = {
			isa = PBXResourcesBuildPhase;
			buildActionMask = 2147483647;
			files = (
				02E4762D1C0F37C5003708F3 /* LaunchScreen.storyboard in Resources */,
				02E4762A1C0F37C5003708F3 /* Assets.xcassets in Resources */,
				02E476281C0F37C5003708F3 /* Main.storyboard in Resources */,
				026DC8911C0F4F5900CF1160 /* f8.jpg in Resources */,
			);
			runOnlyForDeploymentPostprocessing = 0;
		};
/* End PBXResourcesBuildPhase section */

/* Begin PBXSourcesBuildPhase section */
		02E4761B1C0F37C5003708F3 /* Sources */ = {
			isa = PBXSourcesBuildPhase;
			buildActionMask = 2147483647;
			files = (
				02E476251C0F37C5003708F3 /* ViewController.swift in Sources */,
				02E476231C0F37C5003708F3 /* AppDelegate.swift in Sources */,
				02BA16E31C0F5A3100D90A49 /* TreePageViewController.swift in Sources */,
			);
			runOnlyForDeploymentPostprocessing = 0;
		};
/* End PBXSourcesBuildPhase section */

/* Begin PBXVariantGroup section */
		02E476261C0F37C5003708F3 /* Main.storyboard */ = {
			isa = PBXVariantGroup;
			children = (
				02E476271C0F37C5003708F3 /* Base */,
			);
			name = Main.storyboard;
			sourceTree = "<group>";
		};
		02E4762B1C0F37C5003708F3 /* LaunchScreen.storyboard */ = {
			isa = PBXVariantGroup;
			children = (
				02E4762C1C0F37C5003708F3 /* Base */,
			);
			name = LaunchScreen.storyboard;
			sourceTree = "<group>";
		};
/* End PBXVariantGroup section */

/* Begin XCBuildConfiguration section */
		02E4762F1C0F37C5003708F3 /* Debug */ = {
			isa = XCBuildConfiguration;
			buildSettings = {
				ALWAYS_SEARCH_USER_PATHS = NO;
				CLANG_CXX_LANGUAGE_STANDARD = "gnu++0x";
				CLANG_CXX_LIBRARY = "libc++";
				CLANG_ENABLE_MODULES = YES;
				CLANG_ENABLE_OBJC_ARC = YES;
				CLANG_WARN_BOOL_CONVERSION = YES;
				CLANG_WARN_CONSTANT_CONVERSION = YES;
				CLANG_WARN_DIRECT_OBJC_ISA_USAGE = YES_ERROR;
				CLANG_WARN_EMPTY_BODY = YES;
				CLANG_WARN_ENUM_CONVERSION = YES;
				CLANG_WARN_INT_CONVERSION = YES;
				CLANG_WARN_OBJC_ROOT_CLASS = YES_ERROR;
				CLANG_WARN_UNREACHABLE_CODE = YES;
				CLANG_WARN__DUPLICATE_METHOD_MATCH = YES;
				"CODE_SIGN_IDENTITY[sdk=iphoneos*]" = "iPhone Developer";
				COPY_PHASE_STRIP = NO;
				DEBUG_INFORMATION_FORMAT = dwarf;
				ENABLE_STRICT_OBJC_MSGSEND = YES;
				ENABLE_TESTABILITY = YES;
				GCC_C_LANGUAGE_STANDARD = gnu99;
				GCC_DYNAMIC_NO_PIC = NO;
				GCC_NO_COMMON_BLOCKS = YES;
				GCC_OPTIMIZATION_LEVEL = 0;
				GCC_PREPROCESSOR_DEFINITIONS = (
					"DEBUG=1",
					"$(inherited)",
				);
				GCC_WARN_64_TO_32_BIT_CONVERSION = YES;
				GCC_WARN_ABOUT_RETURN_TYPE = YES_ERROR;
				GCC_WARN_UNDECLARED_SELECTOR = YES;
				GCC_WARN_UNINITIALIZED_AUTOS = YES_AGGRESSIVE;
				GCC_WARN_UNUSED_FUNCTION = YES;
				GCC_WARN_UNUSED_VARIABLE = YES;
				IPHONEOS_DEPLOYMENT_TARGET = 9.1;
				MTL_ENABLE_DEBUG_INFO = YES;
				ONLY_ACTIVE_ARCH = YES;
				SDKROOT = iphoneos;
				SWIFT_OPTIMIZATION_LEVEL = "-Onone";
				TARGETED_DEVICE_FAMILY = "1,2";
			};
			name = Debug;
		};
		02E476301C0F37C5003708F3 /* Release */ = {
			isa = XCBuildConfiguration;
			buildSettings = {
				ALWAYS_SEARCH_USER_PATHS = NO;
				CLANG_CXX_LANGUAGE_STANDARD = "gnu++0x";
				CLANG_CXX_LIBRARY = "libc++";
				CLANG_ENABLE_MODULES = YES;
				CLANG_ENABLE_OBJC_ARC = YES;
				CLANG_WARN_BOOL_CONVERSION = YES;
				CLANG_WARN_CONSTANT_CONVERSION = YES;
				CLANG_WARN_DIRECT_OBJC_ISA_USAGE = YES_ERROR;
				CLANG_WARN_EMPTY_BODY = YES;
				CLANG_WARN_ENUM_CONVERSION = YES;
				CLANG_WARN_INT_CONVERSION = YES;
				CLANG_WARN_OBJC_ROOT_CLASS = YES_ERROR;
				CLANG_WARN_UNREACHABLE_CODE = YES;
				CLANG_WARN__DUPLICATE_METHOD_MATCH = YES;
				"CODE_SIGN_IDENTITY[sdk=iphoneos*]" = "iPhone Developer";
				COPY_PHASE_STRIP = NO;
				DEBUG_INFORMATION_FORMAT = "dwarf-with-dsym";
				ENABLE_NS_ASSERTIONS = NO;
				ENABLE_STRICT_OBJC_MSGSEND = YES;
				GCC_C_LANGUAGE_STANDARD = gnu99;
				GCC_NO_COMMON_BLOCKS = YES;
				GCC_WARN_64_TO_32_BIT_CONVERSION = YES;
				GCC_WARN_ABOUT_RETURN_TYPE = YES_ERROR;
				GCC_WARN_UNDECLARED_SELECTOR = YES;
				GCC_WARN_UNINITIALIZED_AUTOS = YES_AGGRESSIVE;
				GCC_WARN_UNUSED_FUNCTION = YES;
				GCC_WARN_UNUSED_VARIABLE = YES;
				IPHONEOS_DEPLOYMENT_TARGET = 9.1;
				MTL_ENABLE_DEBUG_INFO = NO;
				SDKROOT = iphoneos;
				TARGETED_DEVICE_FAMILY = "1,2";
				VALIDATE_PRODUCT = YES;
			};
			name = Release;
		};
		02E476321C0F37C5003708F3 /* Debug */ = {
			isa = XCBuildConfiguration;
			buildSettings = {
				ASSETCATALOG_COMPILER_APPICON_NAME = AppIcon;
				INFOPLIST_FILE = "Josephus circle/Info.plist";
				LD_RUNPATH_SEARCH_PATHS = "$(inherited) @executable_path/Frameworks";
				PRODUCT_BUNDLE_IDENTIFIER = "c191253s.Josephus-circle";
				PRODUCT_NAME = "$(TARGET_NAME)";
				TARGETED_DEVICE_FAMILY = 1;
			};
			name = Debug;
		};
		02E476331C0F37C5003708F3 /* Release */ = {
			isa = XCBuildConfiguration;
			buildSettings = {
				ASSETCATALOG_COMPILER_APPICON_NAME = AppIcon;
				INFOPLIST_FILE = "Josephus circle/Info.plist";
				LD_RUNPATH_SEARCH_PATHS = "$(inherited) @executable_path/Frameworks";
				PRODUCT_BUNDLE_IDENTIFIER = "c191253s.Josephus-circle";
				PRODUCT_NAME = "$(TARGET_NAME)";
				TARGETED_DEVICE_FAMILY = 1;
			};
			name = Release;
		};
/* End XCBuildConfiguration section */

/* Begin XCConfigurationList section */
		02E4761A1C0F37C5003708F3 /* Build configuration list for PBXProject "Josephus circle" */ = {
			isa = XCConfigurationList;
			buildConfigurations = (
				02E4762F1C0F37C5003708F3 /* Debug */,
				02E476301C0F37C5003708F3 /* Release */,
			);
			defaultConfigurationIsVisible = 0;
			defaultConfigurationName = Release;
		};
		02E476311C0F37C5003708F3 /* Build configuration list for PBXNativeTarget "Josephus circle" */ = {
			isa = XCConfigurationList;
			buildConfigurations = (
				02E476321C0F37C5003708F3 /* Debug */,
				02E476331C0F37C5003708F3 /* Release */,
			);
			defaultConfigurationIsVisible = 0;
			defaultConfigurationName = Release;
		};
/* End XCConfigurationList section */
	};
	rootObject = 02E476171C0F37C5003708F3 /* Project object */;
}
